
Microsoft Visual Studio Solution File, Format Version 12.00
# Visual Studio Version 16
VisualStudioVersion = 16.0.29519.87
MinimumVisualStudioVersion = 10.0.40219.1
Project("{FAE04EC0-301F-11D3-BF4B-00C04F79EFBC}") = "HelloWorld", "HelloWorld.csproj", "{350617A4-EE3E-4748-99E7-124229DB7A40}"
EndProject
Global
	GlobalSection(SolutionConfigurationPlatforms) = preSolution
		Debug|Any CPU = Debug|Any CPU
		Release|Any CPU = Release|Any CPU
	EndGlobalSection
	GlobalSection(ProjectConfigurationPlatforms) = postSolution
		{350617A4-EE3E-4748-99E7-124229DB7A40}.Debug|Any CPU.ActiveCfg = Debug|Any CPU
		{350617A4-EE3E-4748-99E7-124229DB7A40}.Debug|Any CPU.Build.0 = Debug|Any CPU
		{350617A4-EE3E-4748-99E7-124229DB7A40}.Release|Any CPU.ActiveCfg = Release|Any CPU
		{350617A4-EE3E-4748-99E7-124229DB7A40}.Release|Any CPU.Build.0 = Release|Any CPU
	EndGlobalSection
	GlobalSection(SolutionProperties) = preSolution
		HideSolutionNode = FALSE
	EndGlobalSection
	GlobalSection(ExtensibilityGlobals) = postSolution
		SolutionGuid = {C656E95D-E3AC-4B7B-A6FB-2359F6EB9EE4}
	EndGlobalSection
EndGlobal
